<?xml version="1.0" encoding="utf-8"?>
<Project ToolsVersion="4.0" xmlns="http://schemas.microsoft.com/developer/msbuild/2003">
  <ItemGroup>
    <Filter Include="Source Files">
      <UniqueIdentifier>{4FC737F1-C7A5-4376-A066-2A32D752A2FF}</UniqueIdentifier>
      <Extensions>cpp;c;cxx;def;odl;idl;hpj;bat;asm;asmx</Extensions>
    </Filter>
    <Filter Include="Header Files">
      <UniqueIdentifier>{93995380-89BD-4b04-88EB-625FBE52EBFB}</UniqueIdentifier>
      <Extensions>h;hpp;hxx;hm;inl;inc;xsd</Extensions>
    </Filter>
    <Filter Include="Header Files\Games">
      <UniqueIdentifier>{ac2c8f71-c24c-4609-94f0-05338957f0ae}</UniqueIdentifier>
    </Filter>
    <Filter Include="Source Files\Tools">
      <UniqueIdentifier>{6127f03e-ac1c-4215-8180-c6762cc4f8c8}</UniqueIdentifier>
    </Filter>
    <Filter Include="Header Files\Tools">
      <UniqueIdentifier>{892be637-219e-4ee2-abdf-8e9716585032}</UniqueIdentifier>
    </Filter>
    <Filter Include="Source Files\Auth">
      <UniqueIdentifier>{27406a24-2eb8-401a-be65-7c94bfa2c8c7}</UniqueIdentifier>
    </Filter>
    <Filter Include="Header Files\Auth">
      <UniqueIdentifier>{c2124fae-e907-4965-8264-6564c08eb3a5}</UniqueIdentifier>
    </Filter>
  </ItemGroup>
  <ItemGroup>
    <None Include="ReadMe.txt" />
  </ItemGroup>
  <ItemGroup>
    <ClInclude Include="stdafx.h">
      <Filter>Header Files</Filter>
    </ClInclude>
    <ClInclude Include="BO2.h">
      <Filter>Header Files\Games</Filter>
    </ClInclude>
    <ClInclude Include="MW3.h">
      <Filter>Header Files\Games</Filter>
    </ClInclude>
    <ClInclude Include="tools.h">
      <Filter>Header Files\Tools</Filter>
    </ClInclude>
    <ClInclude Include="types.h">
      <Filter>Header Files\Tools</Filter>
    </ClInclude>
    <ClInclude Include="kernel.h">
      <Filter>Header Files\Tools</Filter>
    </ClInclude>
    <ClInclude Include="MW2.h">
      <Filter>Header Files\Games</Filter>
    </ClInclude>
    <ClInclude Include="MW1.h">
      <Filter>Header Files\Games</Filter>
    </ClInclude>
    <ClInclude Include="BO1.h">
      <Filter>Header Files\Games</Filter>
    </ClInclude>
    <ClInclude Include="BO3.h">
      <Filter>Header Files\Games</Filter>
    </ClInclude>
    <ClInclude Include="GO.h">
      <Filter>Header Files\Games</Filter>
    </ClInclude>
    <ClInclude Include="WAW.h">
      <Filter>Header Files\Games</Filter>
    </ClInclude>
    <ClInclude Include="AW.h">
      <Filter>Header Files\Games</Filter>
    </ClInclude>
    <ClInclude Include="detour.h">
      <Filter>Header Files\Tools</Filter>
    </ClInclude>
    <ClInclude Include="hv.h">
      <Filter>Header Files\Tools</Filter>
    </ClInclude>
    <ClInclude Include="auth.h">
      <Filter>Header Files\Auth</Filter>
    </ClInclude>
    <ClInclude Include="net.h">
      <Filter>Header Files\Auth</Filter>
    </ClInclude>
  </ItemGroup>
  <ItemGroup>
    <ClCompile Include="stdafx.cpp">
      <Filter>Source Files</Filter>
    </ClCompile>
    <ClCompile Include="Annoyance.cpp">
      <Filter>Source Files</Filter>
    </ClCompile>
    <ClCompile Include="tools.cpp">
      <Filter>Source Files\Tools</Filter>
    </ClCompile>
    <ClCompile Include="detour.cpp">
      <Filter>Source Files\Tools</Filter>
    </ClCompile>
    <ClCompile Include="net.cpp">
      <Filter>Source Files\Auth</Filter>
    </ClCompile>
    <ClCompile Include="auth.cpp">
      <Filter>Source Files\Auth</Filter>
    </ClCompile>
    <ClCompile Include="hv.cpp">
      <Filter>Source Files\Tools</Filter>
    </ClCompile>
  </ItemGroup>
</Project>